
Microsoft Visual Studio Solution File, Format Version 12.00
# Visual Studio 15
VisualStudioVersion = 15.0.27130.2027
MinimumVisualStudioVersion = 10.0.40219.1
Project("{FAE04EC0-301F-11D3-BF4B-00C04F79EFBC}") = "TestService", "WebAPI_ES5\TestService.csproj", "{D3A4DB48-6D72-4EA6-BA48-7EC99A37A469}"
EndProject
Project("{E24C65DC-7377-472B-9ABA-BC803B73C61A}") = "TestWebApp", "TestWebApp\", "{1571EB7D-6627-4DF5-96B9-E7117B48907B}"
	ProjectSection(WebsiteProperties) = preProject
		TargetFrameworkMoniker = ".NETFramework,Version%3Dv4.6.1"
		Debug.AspNetCompiler.VirtualPath = "/localhost_57687"
		Debug.AspNetCompiler.PhysicalPath = "TestWebApp\"
		Debug.AspNetCompiler.TargetPath = "PrecompiledWeb\localhost_57687\"
		Debug.AspNetCompiler.Updateable = "true"
		Debug.AspNetCompiler.ForceOverwrite = "true"
		Debug.AspNetCompiler.FixedNames = "false"
		Debug.AspNetCompiler.Debug = "True"
		Release.AspNetCompiler.VirtualPath = "/localhost_57687"
		Release.AspNetCompiler.PhysicalPath = "TestWebApp\"
		Release.AspNetCompiler.TargetPath = "PrecompiledWeb\localhost_57687\"
		Release.AspNetCompiler.Updateable = "true"
		Release.AspNetCompiler.ForceOverwrite = "true"
		Release.AspNetCompiler.FixedNames = "false"
		Release.AspNetCompiler.Debug = "False"
		VWDPort = "57687"
		SlnRelativePath = "TestWebApp\"
		DefaultWebSiteLanguage = "Visual C#"
	EndProjectSection
EndProject
Global
	GlobalSection(SolutionConfigurationPlatforms) = preSolution
		Debug|Any CPU = Debug|Any CPU
		Release|Any CPU = Release|Any CPU
	EndGlobalSection
	GlobalSection(ProjectConfigurationPlatforms) = postSolution
		{D3A4DB48-6D72-4EA6-BA48-7EC99A37A469}.Debug|Any CPU.ActiveCfg = Debug|Any CPU
		{D3A4DB48-6D72-4EA6-BA48-7EC99A37A469}.Debug|Any CPU.Build.0 = Debug|Any CPU
		{D3A4DB48-6D72-4EA6-BA48-7EC99A37A469}.Release|Any CPU.ActiveCfg = Release|Any CPU
		{D3A4DB48-6D72-4EA6-BA48-7EC99A37A469}.Release|Any CPU.Build.0 = Release|Any CPU
		{1571EB7D-6627-4DF5-96B9-E7117B48907B}.Debug|Any CPU.ActiveCfg = Debug|Any CPU
		{1571EB7D-6627-4DF5-96B9-E7117B48907B}.Debug|Any CPU.Build.0 = Debug|Any CPU
		{1571EB7D-6627-4DF5-96B9-E7117B48907B}.Release|Any CPU.ActiveCfg = Debug|Any CPU
		{1571EB7D-6627-4DF5-96B9-E7117B48907B}.Release|Any CPU.Build.0 = Debug|Any CPU
	EndGlobalSection
	GlobalSection(SolutionProperties) = preSolution
		HideSolutionNode = FALSE
	EndGlobalSection
	GlobalSection(ExtensibilityGlobals) = postSolution
		SolutionGuid = {5E7EC094-D2FB-47D4-AFB3-F37ADAEC267D}
	EndGlobalSection
EndGlobal
